{
  "requires": true,
  "lockfileVersion": 1,
  "dependencies": {
    "vuetify": {
      "version": "2.1.4",
      "resolved": "https://registry.npmjs.org/vuetify/-/vuetify-2.1.4.tgz",
      "integrity": "sha512-w01a9Gn75QnUZt54MIVJ1A93IgaMleTt+ZHJfFwH6w6CGn4lD6P2cxMiGUe1uXB6DRpx8Bb131wPPmdrbIeCUg=="
    }
  }
}
